#MicroXplorer Configuration settings - do not modify
Mcu.Family=STM32H7
RCC.DIVQ2Freq_Value=129000000
ProjectManager.MainLocation=Core/Src
ProjectManager.ProjectFileName=IQ_Ethernet_H7.ioc
RCC.SAI1Freq_Value=480000000
CORTEX_M7.CPU_ICache=Enabled
RCC.CortexFreq_Value=480000000
PA7.Mode=RMII
ProjectManager.KeepUserCode=true
Mcu.PinsNb=10
Mcu.UserName=STM32H743ZITx
RCC.HPRE=RCC_HCLK_DIV2
ProjectManager.NoMain=false
RCC.SWPMI1Freq_Value=120000000
CORTEX_M7.TypeExtField-Cortex_Memory_Protection_Unit_Region0_Settings=MPU_TEX_LEVEL1
RCC.SAI4BFreq_Value=480000000
ProjectManager.functionlistsort=1-MX_GPIO_Init-GPIO-false-HAL-true,2-SystemClock_Config-RCC-false-HAL-false,3-MX_ETH_Init-ETH-false-HAL-true,0-MX_CORTEX_M7_Init-CORTEX_M7-false-HAL-true
PC4.Signal=ETH_RXD0
RCC.RTCFreq_Value=32000
RCC.D2PPRE2=RCC_APB2_DIV2
RCC.D2PPRE1=RCC_APB1_DIV2
ProjectManager.DefaultFWLocation=true
RCC.CpuClockFreq_Value=480000000
RCC.VCO2OutputFreq_Value=258000000
ProjectManager.DeletePrevious=true
PC5.Mode=RMII
RCC.QSPIFreq_Value=240000000
PB13.Signal=ETH_TXD1
PG13.Signal=ETH_TXD0
PinOutPanel.RotationAngle=0
PG11.Signal=ETH_TX_EN
RCC.FamilyName=M
RCC.MCO1PinFreq_Value=64000000
RCC.SYSCLKSource=RCC_SYSCLKSOURCE_PLLCLK
ProjectManager.StackSize=0x400
RCC.AHB4Freq_Value=240000000
ETH.IPParameters=MediaInterface
RCC.VCOInput3Freq_Value=2000000
RCC.SPI6Freq_Value=120000000
RCC.D1CPREFreq_Value=480000000
RCC.LPTIM1Freq_Value=120000000
Mcu.IP4=SYS
Mcu.IP2=NVIC
NVIC.SVCall_IRQn=true\:0\:0\:false\:false\:true\:false\:false
CORTEX_M7.MPU_Control=MPU_PRIVILEGED_DEFAULT
Mcu.IP3=RCC
RCC.USART234578Freq_Value=120000000
Mcu.IP0=CORTEX_M7
CORTEX_M7.Enable-Cortex_Memory_Protection_Unit_Region0_Settings=MPU_REGION_ENABLE
Mcu.IP1=ETH
RCC.SPI45Freq_Value=120000000
RCC.Tim1OutputFreq_Value=240000000
RCC.SPI123Freq_Value=480000000
Mcu.UserConstants=
ProjectManager.TargetToolchain=STM32CubeIDE
RCC.DIVP3Freq_Value=129000000
RCC.SDMMCFreq_Value=480000000
RCC.VCO1OutputFreq_Value=960000000
Mcu.ThirdPartyNb=0
RCC.HCLKFreq_Value=240000000
RCC.I2C4Freq_Value=120000000
Mcu.IPNb=5
ProjectManager.PreviousToolchain=
RCC.AXIClockFreq_Value=240000000
RCC.SPDIFRXFreq_Value=480000000
RCC.DIVN1=480
RCC.DIVQ3Freq_Value=129000000
Mcu.Pin6=PB13
CORTEX_M7.BaseAddress-Cortex_Memory_Protection_Unit_Region0_Settings=0x30000000
Mcu.Pin7=PG11
ProjectManager.RegisterCallBack=
Mcu.Pin8=PG13
RCC.USBFreq_Value=480000000
Mcu.Pin9=VP_SYS_VS_Systick
PA1.Signal=ETH_REF_CLK
RCC.CKPERFreq_Value=64000000
Mcu.Pin0=PC1
Mcu.Pin1=PA1
GPIO.groupedBy=Group By Peripherals
Mcu.Pin2=PA2
RCC.HRTIMFreq_Value=240000000
Mcu.Pin3=PA7
Mcu.Pin4=PC4
Mcu.Pin5=PC5
ProjectManager.ProjectBuild=false
RCC.DIVR3Freq_Value=129000000
PG13.Locked=true
NVIC.UsageFault_IRQn=true\:0\:0\:false\:false\:true\:false\:false
NVIC.DebugMonitor_IRQn=true\:0\:0\:false\:false\:true\:false\:false
board=custom
NVIC.SysTick_IRQn=true\:0\:0\:false\:false\:true\:false\:true
ProjectManager.LastFirmware=true
RCC.VCOInput1Freq_Value=2000000
ProjectManager.FirmwarePackage=STM32Cube FW_H7 V1.9.1
MxDb.Version=DB.6.0.21
RCC.AHB12Freq_Value=240000000
RCC.APB2Freq_Value=120000000
PA1.Mode=RMII
RCC.DIVP1Freq_Value=480000000
ProjectManager.BackupPrevious=false
RCC.FMCFreq_Value=240000000
MxCube.Version=6.2.1
RCC.FDCANFreq_Value=480000000
RCC.RNGFreq_Value=48000000
CORTEX_M7.IsShareable-Cortex_Memory_Protection_Unit_Region0_Settings=MPU_ACCESS_SHAREABLE
RCC.ADCFreq_Value=129000000
RCC.USART16Freq_Value=120000000
File.Version=6
VP_SYS_VS_Systick.Mode=SysTick
CORTEX_M7.AccessPermission-Cortex_Memory_Protection_Unit_Region0_Settings=MPU_REGION_FULL_ACCESS
NVIC.NonMaskableInt_IRQn=true\:0\:0\:false\:false\:true\:false\:false
PG13.Mode=RMII
NVIC.PendSV_IRQn=true\:0\:0\:false\:false\:true\:false\:false
ProjectManager.FreePins=false
RCC.DIVR2Freq_Value=129000000
RCC.IPParameters=ADCFreq_Value,AHB12Freq_Value,AHB4Freq_Value,APB1Freq_Value,APB2Freq_Value,APB3Freq_Value,APB4Freq_Value,AXIClockFreq_Value,CECFreq_Value,CKPERFreq_Value,CortexFreq_Value,CpuClockFreq_Value,D1CPREFreq_Value,D1PPRE,D2PPRE1,D2PPRE2,D3PPRE,DFSDMACLkFreq_Value,DFSDMFreq_Value,DIVN1,DIVP1Freq_Value,DIVP2Freq_Value,DIVP3Freq_Value,DIVQ1Freq_Value,DIVQ2Freq_Value,DIVQ3Freq_Value,DIVR1Freq_Value,DIVR2Freq_Value,DIVR3Freq_Value,FDCANFreq_Value,FMCFreq_Value,FamilyName,HCLK3ClockFreq_Value,HCLKFreq_Value,HPRE,HRTIMFreq_Value,I2C123Freq_Value,I2C4Freq_Value,LPTIM1Freq_Value,LPTIM2Freq_Value,LPTIM345Freq_Value,LPUART1Freq_Value,LTDCFreq_Value,MCO1PinFreq_Value,MCO2PinFreq_Value,QSPIFreq_Value,RNGFreq_Value,RTCFreq_Value,SAI1Freq_Value,SAI23Freq_Value,SAI4AFreq_Value,SAI4BFreq_Value,SDMMCFreq_Value,SPDIFRXFreq_Value,SPI123Freq_Value,SPI45Freq_Value,SPI6Freq_Value,SWPMI1Freq_Value,SYSCLKFreq_VALUE,SYSCLKSource,Tim1OutputFreq_Value,Tim2OutputFreq_Value,TraceFreq_Value,USART16Freq_Value,USART234578Freq_Value,USBFreq_Value,VCO1OutputFreq_Value,VCO2OutputFreq_Value,VCO3OutputFreq_Value,VCOInput1Freq_Value,VCOInput2Freq_Value,VCOInput3Freq_Value
ProjectManager.AskForMigrate=true
Mcu.Name=STM32H743ZITx
CORTEX_M7.DisableExec-Cortex_Memory_Protection_Unit_Region0_Settings=MPU_INSTRUCTION_ACCESS_DISABLE
RCC.LPTIM2Freq_Value=120000000
CORTEX_M7.Size-Cortex_Memory_Protection_Unit_Region0_Settings=MPU_REGION_SIZE_32KB
ProjectManager.HalAssertFull=false
RCC.DIVP2Freq_Value=129000000
PA2.Signal=ETH_MDIO
ProjectManager.ProjectName=IQ_Ethernet_H7
ProjectManager.UnderRoot=true
CORTEX_M7.IPParameters=CPU_ICache,CPU_DCache,MPU_Control,Enable-Cortex_Memory_Protection_Unit_Region0_Settings,BaseAddress-Cortex_Memory_Protection_Unit_Region0_Settings,Size-Cortex_Memory_Protection_Unit_Region0_Settings,AccessPermission-Cortex_Memory_Protection_Unit_Region0_Settings,TypeExtField-Cortex_Memory_Protection_Unit_Region0_Settings,DisableExec-Cortex_Memory_Protection_Unit_Region0_Settings,IsShareable-Cortex_Memory_Protection_Unit_Region0_Settings
RCC.APB3Freq_Value=120000000
ProjectManager.CoupleFile=false
RCC.MCO2PinFreq_Value=480000000
RCC.SYSCLKFreq_VALUE=480000000
Mcu.Package=LQFP144
ETH.MediaInterface=HAL_ETH_RMII_MODE
RCC.I2C123Freq_Value=120000000
NVIC.ForceEnableDMAVector=true
RCC.D1PPRE=RCC_APB3_DIV2
KeepUserPlacement=false
PG11.Locked=true
NVIC.MemoryManagement_IRQn=true\:0\:0\:false\:false\:true\:false\:false
ProjectManager.CompilerOptimize=6
ProjectManager.ToolChainLocation=
PG11.Mode=RMII
VP_SYS_VS_Systick.Signal=SYS_VS_Systick
ProjectManager.HeapSize=0x200
NVIC.HardFault_IRQn=true\:0\:0\:false\:false\:true\:false\:false
RCC.DFSDMFreq_Value=120000000
RCC.DIVR1Freq_Value=480000000
RCC.LPTIM345Freq_Value=120000000
ProjectManager.ComputerToolchain=false
RCC.LTDCFreq_Value=129000000
RCC.SAI4AFreq_Value=480000000
NVIC.PriorityGroup=NVIC_PRIORITYGROUP_4
RCC.TraceFreq_Value=64000000
RCC.APB4Freq_Value=120000000
RCC.CECFreq_Value=32000
RCC.SAI23Freq_Value=480000000
RCC.DIVQ1Freq_Value=480000000
PA2.Mode=RMII
NVIC.BusFault_IRQn=true\:0\:0\:false\:false\:true\:false\:false
RCC.LPUART1Freq_Value=120000000
RCC.D3PPRE=RCC_APB4_DIV2
PC5.Signal=ETH_RXD1
CORTEX_M7.CPU_DCache=Enabled
PB13.Mode=RMII
RCC.HCLK3ClockFreq_Value=240000000
RCC.VCOInput2Freq_Value=2000000
RCC.APB1Freq_Value=120000000
ProjectManager.CustomerFirmwarePackage=
ProjectManager.DeviceId=STM32H743ZITx
PC1.Signal=ETH_MDC
RCC.Tim2OutputFreq_Value=240000000
ProjectManager.LibraryCopy=1
PC4.Mode=RMII
RCC.DFSDMACLkFreq_Value=480000000
PC1.Mode=RMII
RCC.VCO3OutputFreq_Value=258000000
PA7.Signal=ETH_CRS_DV
isbadioc=false
