#MicroXplorer Configuration settings - do not modify
Mcu.Family=STM32H7
LWIP0.BSP.mode=
RCC.DIVQ2Freq_Value=129000000
ProjectManager.MainLocation=Core/Src
LWIP0.BSP.STBoard=false
RCC.SAI1Freq_Value=129000000
RCC.CortexFreq_Value=64000000
ProjectManager.KeepUserCode=true
Mcu.UserName=STM32H743ZITx
CORTEX_M7.TypeExtField-Cortex_Memory_Protection_Unit_Region0_Settings=MPU_TEX_LEVEL1
ProjectManager.functionlistsort=1-SystemClock_Config-RCC-false-HAL-false,0-MX_CORTEX_M7_Init-CORTEX_M7-false-HAL-true
RCC.RTCFreq_Value=32000
RCC.CpuClockFreq_Value=64000000
RCC.VCO2OutputFreq_Value=258000000
PC5.Mode=RMII
PB13.Signal=ETH_TXD1
PG13.Signal=ETH_TXD0
PinOutPanel.RotationAngle=0
PG11.Signal=ETH_TX_EN
RCC.MCO1PinFreq_Value=64000000
ProjectManager.StackSize=0x400
RCC.AHB4Freq_Value=64000000
RCC.VCOInput3Freq_Value=2000000
LWIP.NETMASK_ADDRESS=255.255.255.000
RCC.LPTIM1Freq_Value=64000000
Mcu.IP4=RCC
Mcu.IP5=SYS
Mcu.IP2=LWIP
NVIC.SVCall_IRQn=true\:0\:0\:false\:false\:true\:false\:false
Mcu.IP3=NVIC
Mcu.IP0=CORTEX_M7
CORTEX_M7.Enable-Cortex_Memory_Protection_Unit_Region0_Settings=MPU_REGION_ENABLE
Mcu.IP1=ETH
Mcu.UserConstants=
RCC.SDMMCFreq_Value=129000000
RCC.DIVP3Freq_Value=129000000
LWIP.IPParameters=LWIP_DHCP,IP_ADDRESS,NETMASK_ADDRESS,GATEWAY_ADDRESS,MEM_SIZE,LWIP_RAM_HEAP_POINTER
Mcu.ThirdPartyNb=0
RCC.HCLKFreq_Value=64000000
RCC.I2C4Freq_Value=64000000
Mcu.IPNb=6
ProjectManager.PreviousToolchain=
RCC.SPDIFRXFreq_Value=129000000
RCC.DIVQ3Freq_Value=129000000
Mcu.Pin6=PB13
Mcu.Pin7=PG11
Mcu.Pin8=PG13
Mcu.Pin9=VP_LWIP_VS_Enabled
Mcu.Pin0=PC1
Mcu.Pin1=PA1
Mcu.Pin2=PA2
LWIP.LWIP_RAM_HEAP_POINTER=0x30002000
RCC.HRTIMFreq_Value=64000000
Mcu.Pin3=PA7
Mcu.Pin4=PC4
Mcu.Pin5=PC5
ProjectManager.ProjectBuild=false
RCC.DIVR3Freq_Value=129000000
PG13.Locked=true
NVIC.UsageFault_IRQn=true\:0\:0\:false\:false\:true\:false\:false
LWIP0.BSP.condition=
NVIC.DebugMonitor_IRQn=true\:0\:0\:false\:false\:true\:false\:false
NVIC.SysTick_IRQn=true\:0\:0\:false\:false\:true\:false\:true
ProjectManager.FirmwarePackage=STM32Cube FW_H7 V1.9.1
MxDb.Version=DB.6.0.21
RCC.DIVP1Freq_Value=129000000
LWIP.MEM_SIZE=10*1024
ProjectManager.BackupPrevious=false
RCC.FMCFreq_Value=64000000
RCC.USART16Freq_Value=64000000
File.Version=6
PG13.Mode=RMII
NVIC.PendSV_IRQn=true\:0\:0\:false\:false\:true\:false\:false
RCC.DIVR2Freq_Value=129000000
LWIP0.BSP.solution=LAN8742
CORTEX_M7.DisableExec-Cortex_Memory_Protection_Unit_Region0_Settings=MPU_INSTRUCTION_ACCESS_DISABLE
ProjectManager.HalAssertFull=false
RCC.DIVP2Freq_Value=129000000
ProjectManager.ProjectName=IQ_Ethernet_H7
RCC.APB3Freq_Value=64000000
LWIP0.BSP.i2creg=
LWIP0.BSP.component=LAN8742
RCC.MCO2PinFreq_Value=64000000
Mcu.Package=LQFP144
PG11.Locked=true
ProjectManager.ToolChainLocation=
VP_SYS_VS_Systick.Signal=SYS_VS_Systick
RCC.DIVR1Freq_Value=129000000
RCC.DFSDMFreq_Value=64000000
RCC.TraceFreq_Value=64000000
RCC.APB4Freq_Value=64000000
ETH.RxBuffAddress=0x30000100
RCC.CECFreq_Value=32000
RCC.SAI23Freq_Value=129000000
NVIC.BusFault_IRQn=true\:0\:0\:false\:false\:true\:false\:false
RCC.LPUART1Freq_Value=64000000
PC5.Signal=ETH_RXD1
PB13.Mode=RMII
ProjectManager.CustomerFirmwarePackage=
RCC.Tim2OutputFreq_Value=64000000
PC4.Mode=RMII
VP_LWIP_VS_Enabled.Signal=LWIP_VS_Enabled
RCC.DFSDMACLkFreq_Value=129000000
LWIP.IP_ADDRESS=192.168.000.015
RCC.VCO3OutputFreq_Value=258000000
ProjectManager.ProjectFileName=IQ_Ethernet_H7.ioc
CORTEX_M7.CPU_ICache=Enabled
PA7.Mode=RMII
LWIP0.BSP.i2caddr=0
Mcu.PinsNb=11
ProjectManager.NoMain=false
RCC.SWPMI1Freq_Value=64000000
RCC.SAI4BFreq_Value=129000000
PC4.Signal=ETH_RXD0
ProjectManager.DefaultFWLocation=true
LWIP.LWIP_DHCP=0
ProjectManager.DeletePrevious=true
RCC.QSPIFreq_Value=64000000
RCC.FamilyName=M
LWIP.GATEWAY_ADDRESS=192.168.000.001
VP_LWIP_VS_Enabled.Mode=Enabled
ETH.IPParameters=MediaInterface,RxDescAddress,TxDescAddress,RxBuffAddress
RCC.SPI6Freq_Value=64000000
RCC.D1CPREFreq_Value=64000000
CORTEX_M7.MPU_Control=MPU_PRIVILEGED_DEFAULT
RCC.USART234578Freq_Value=64000000
RCC.Tim1OutputFreq_Value=64000000
RCC.SPI45Freq_Value=64000000
RCC.SPI123Freq_Value=129000000
ProjectManager.TargetToolchain=STM32CubeIDE
RCC.VCO1OutputFreq_Value=258000000
RCC.AXIClockFreq_Value=64000000
CORTEX_M7.BaseAddress-Cortex_Memory_Protection_Unit_Region0_Settings=0x30000000
LWIP0.BSP.instance=LAN8742
ProjectManager.RegisterCallBack=
RCC.USBFreq_Value=129000000
LWIP0.BSP.api=BSP_COMPONENT_DRIVER
PA1.Signal=ETH_REF_CLK
RCC.CKPERFreq_Value=64000000
LWIP0.BSP.ip=
LWIP0.BSP.semaphore=
board=custom
ProjectManager.LastFirmware=true
RCC.VCOInput1Freq_Value=2000000
RCC.AHB12Freq_Value=64000000
RCC.APB2Freq_Value=64000000
PA1.Mode=RMII
MxCube.Version=6.2.1
RCC.FDCANFreq_Value=129000000
RCC.RNGFreq_Value=48000000
CORTEX_M7.IsShareable-Cortex_Memory_Protection_Unit_Region0_Settings=MPU_ACCESS_SHAREABLE
RCC.ADCFreq_Value=129000000
VP_SYS_VS_Systick.Mode=SysTick
CORTEX_M7.AccessPermission-Cortex_Memory_Protection_Unit_Region0_Settings=MPU_REGION_FULL_ACCESS
NVIC.NonMaskableInt_IRQn=true\:0\:0\:false\:false\:true\:false\:false
ProjectManager.FreePins=false
RCC.IPParameters=ADCFreq_Value,AHB12Freq_Value,AHB4Freq_Value,APB1Freq_Value,APB2Freq_Value,APB3Freq_Value,APB4Freq_Value,AXIClockFreq_Value,CECFreq_Value,CKPERFreq_Value,CortexFreq_Value,CpuClockFreq_Value,D1CPREFreq_Value,DFSDMACLkFreq_Value,DFSDMFreq_Value,DIVP1Freq_Value,DIVP2Freq_Value,DIVP3Freq_Value,DIVQ1Freq_Value,DIVQ2Freq_Value,DIVQ3Freq_Value,DIVR1Freq_Value,DIVR2Freq_Value,DIVR3Freq_Value,FDCANFreq_Value,FMCFreq_Value,FamilyName,HCLK3ClockFreq_Value,HCLKFreq_Value,HRTIMFreq_Value,I2C123Freq_Value,I2C4Freq_Value,LPTIM1Freq_Value,LPTIM2Freq_Value,LPTIM345Freq_Value,LPUART1Freq_Value,LTDCFreq_Value,MCO1PinFreq_Value,MCO2PinFreq_Value,QSPIFreq_Value,RNGFreq_Value,RTCFreq_Value,SAI1Freq_Value,SAI23Freq_Value,SAI4AFreq_Value,SAI4BFreq_Value,SDMMCFreq_Value,SPDIFRXFreq_Value,SPI123Freq_Value,SPI45Freq_Value,SPI6Freq_Value,SWPMI1Freq_Value,SYSCLKFreq_VALUE,Tim1OutputFreq_Value,Tim2OutputFreq_Value,TraceFreq_Value,USART16Freq_Value,USART234578Freq_Value,USBFreq_Value,VCO1OutputFreq_Value,VCO2OutputFreq_Value,VCO3OutputFreq_Value,VCOInput1Freq_Value,VCOInput2Freq_Value,VCOInput3Freq_Value
ProjectManager.AskForMigrate=true
Mcu.Name=STM32H743ZITx
RCC.LPTIM2Freq_Value=64000000
CORTEX_M7.Size-Cortex_Memory_Protection_Unit_Region0_Settings=MPU_REGION_SIZE_32KB
PA2.Signal=ETH_MDIO
ProjectManager.UnderRoot=true
CORTEX_M7.IPParameters=CPU_ICache,CPU_DCache,MPU_Control,Enable-Cortex_Memory_Protection_Unit_Region0_Settings,BaseAddress-Cortex_Memory_Protection_Unit_Region0_Settings,Size-Cortex_Memory_Protection_Unit_Region0_Settings,TypeExtField-Cortex_Memory_Protection_Unit_Region0_Settings,AccessPermission-Cortex_Memory_Protection_Unit_Region0_Settings,DisableExec-Cortex_Memory_Protection_Unit_Region0_Settings,IsShareable-Cortex_Memory_Protection_Unit_Region0_Settings
ProjectManager.CoupleFile=false
RCC.SYSCLKFreq_VALUE=64000000
ETH.MediaInterface=HAL_ETH_RMII_MODE
RCC.I2C123Freq_Value=64000000
NVIC.ForceEnableDMAVector=true
KeepUserPlacement=false
LWIP.BSP.number=1
NVIC.MemoryManagement_IRQn=true\:0\:0\:false\:false\:true\:false\:false
ProjectManager.CompilerOptimize=6
PG11.Mode=RMII
ProjectManager.HeapSize=0x200
NVIC.HardFault_IRQn=true\:0\:0\:false\:false\:true\:false\:false
LWIP.Version=v2.1.2_Cube
RCC.LPTIM345Freq_Value=64000000
ProjectManager.ComputerToolchain=false
RCC.LTDCFreq_Value=129000000
RCC.SAI4AFreq_Value=129000000
NVIC.PriorityGroup=NVIC_PRIORITYGROUP_4
Mcu.Pin10=VP_SYS_VS_Systick
RCC.DIVQ1Freq_Value=129000000
PA2.Mode=RMII
ETH.RxDescAddress=0x30000000
CORTEX_M7.CPU_DCache=Enabled
LWIP0.BSP.name=Driver_PHY
RCC.HCLK3ClockFreq_Value=64000000
RCC.VCOInput2Freq_Value=2000000
RCC.APB1Freq_Value=64000000
ProjectManager.DeviceId=STM32H743ZITx
PC1.Signal=ETH_MDC
ProjectManager.LibraryCopy=1
PC1.Mode=RMII
PA7.Signal=ETH_CRS_DV
ETH.TxDescAddress=0x30000080
isbadioc=false
