#MicroXplorer Configuration settings - do not modify
Mcu.Family=STM32H7
LWIP0.BSP.mode=
RCC.DIVQ2Freq_Value=75000000
PD7.Mode=RX_Only_Simplex_Unidirect_Slave
ProjectManager.MainLocation=Core/Src
LWIP0.BSP.STBoard=false
RCC.SAI1Freq_Value=480000000
RCC.CortexFreq_Value=480000000
SPI3.Direction=SPI_DIRECTION_2LINES_RXONLY
SPI4.VirtualType=VM_SLAVE
SPI3.VirtualType=VM_SLAVE
ProjectManager.KeepUserCode=true
Mcu.UserName=STM32H743ZITx
SPI1.VirtualType=VM_SLAVE
SPI2.VirtualType=VM_SLAVE
PB10.Mode=Simplex_Bidirectional_Slave
RCC.HPRE=RCC_HCLK_DIV2
PH0-OSC_IN\ (PH0).Signal=RCC_OSC_IN
RCC.PLL2_VCI_Range-AdvancedSettings=RCC_PLL2VCIRANGE_0
PC10.Signal=SPI3_SCK
PB14.GPIO_Label=LD3
CORTEX_M7.TypeExtField-Cortex_Memory_Protection_Unit_Region0_Settings=MPU_TEX_LEVEL1
RCC.PLLFRACN=0
SPI4.Direction=SPI_DIRECTION_2LINES_RXONLY
ProjectManager.functionlistsort=1-MX_GPIO_Init-GPIO-false-HAL-true,2-SystemClock_Config-RCC-false-HAL-false,3-MX_LWIP_Init-LWIP-false-HAL-false,4-MX_SPI1_Init-SPI1-false-HAL-true,5-MX_SPI2_Init-SPI2-false-HAL-true,6-MX_SPI3_Init-SPI3-false-HAL-true,7-MX_SPI4_Init-SPI4-false-HAL-true,0-MX_CORTEX_M7_Init-CORTEX_M7-false-HAL-true
RCC.RTCFreq_Value=32000
PB0.GPIO_Label=LD1
RCC.PLL2FRACN=0
RCC.CpuClockFreq_Value=480000000
RCC.VCO2OutputFreq_Value=150000000
PC5.Mode=RMII
PB13.Signal=ETH_TXD1
PG13.Signal=ETH_TXD0
PinOutPanel.RotationAngle=0
PG11.Signal=ETH_TX_EN
RCC.MCO1PinFreq_Value=64000000
RCC.SYSCLKSource=RCC_SYSCLKSOURCE_PLLCLK
ProjectManager.StackSize=0x400
RCC.AHB4Freq_Value=240000000
RCC.VCOInput3Freq_Value=1000000
LWIP.NETMASK_ADDRESS=255.255.255.000
RCC.SPI123CLockSelection=RCC_SPI123CLKSOURCE_PLL2
RCC.LPTIM1Freq_Value=120000000
Mcu.IP4=RCC
Mcu.IP5=SPI1
Mcu.IP2=LWIP
NVIC.SVCall_IRQn=true\:0\:0\:false\:false\:true\:false\:false
Mcu.IP3=NVIC
Mcu.IP0=CORTEX_M7
CORTEX_M7.Enable-Cortex_Memory_Protection_Unit_Region0_Settings=MPU_REGION_ENABLE
Mcu.IP1=ETH
Mcu.UserConstants=
SPI4.Mode=SPI_MODE_SLAVE
RCC.DIVP3Freq_Value=65000000
RCC.SDMMCFreq_Value=480000000
LWIP.IPParameters=LWIP_DHCP,IP_ADDRESS,NETMASK_ADDRESS,GATEWAY_ADDRESS,MEM_SIZE,LWIP_RAM_HEAP_POINTER
Mcu.ThirdPartyNb=0
SPI1.Direction=SPI_DIRECTION_2LINES_RXONLY
RCC.HCLKFreq_Value=240000000
RCC.I2C4Freq_Value=120000000
PE2.Mode=RX_Only_Simplex_Unidirect_Slave
Mcu.IPNb=10
ProjectManager.PreviousToolchain=
RCC.SPDIFRXFreq_Value=480000000
RCC.DIVQ3Freq_Value=65000000
Mcu.Pin6=PA1
Mcu.Pin7=PA2
Mcu.Pin8=PA5
Mcu.Pin9=PA7
SPI4.IPParameters=VirtualType,Mode,Direction,CLKPhase,DataSize
PE1.Signal=GPIO_Output
PC2_C.Signal=SPI2_MISO
Mcu.Pin0=PE2
SPI3.DataSize=SPI_DATASIZE_8BIT
Mcu.Pin1=PE6
Mcu.Pin2=PH0-OSC_IN (PH0)
LWIP.LWIP_RAM_HEAP_POINTER=0x30002000
RCC.HRTIMFreq_Value=240000000
Mcu.Pin3=PH1-OSC_OUT (PH1)
Mcu.Pin4=PC1
Mcu.Pin5=PC2_C
ProjectManager.ProjectBuild=false
PH1-OSC_OUT\ (PH1).Mode=HSE-External-Oscillator
RCC.DIVR3Freq_Value=65000000
PG13.Locked=true
NVIC.UsageFault_IRQn=true\:0\:0\:false\:false\:true\:false\:false
LWIP0.BSP.condition=
NVIC.DebugMonitor_IRQn=true\:0\:0\:false\:false\:true\:false\:false
PB2.Signal=SPI3_MOSI
RCC.DIVM3=25
RCC.DIVM2=2
NVIC.SysTick_IRQn=true\:0\:0\:false\:false\:true\:false\:true
RCC.DIVM1=5
ProjectManager.FirmwarePackage=STM32Cube FW_H7 V1.9.1
MxDb.Version=DB.6.0.21
PB0.GPIOParameters=GPIO_Label
RCC.DIVP1Freq_Value=480000000
LWIP.MEM_SIZE=10*1024
RCC.PLL1_VCI_Range-AdvancedSettings=RCC_PLL1VCIRANGE_0
ProjectManager.BackupPrevious=false
RCC.FMCFreq_Value=240000000
RCC.USART16Freq_Value=120000000
SPI1.DataSize=SPI_DATASIZE_8BIT
File.Version=6
PE2.Signal=SPI4_SCK
PG13.Mode=RMII
PE1.Locked=true
NVIC.PendSV_IRQn=true\:0\:0\:false\:false\:true\:false\:false
RCC.PLL2_VCO_SEL-AdvancedSettings=RCC_PLL2VCOMEDIUM
LWIP0.BSP.solution=LAN8742
RCC.DIVR2Freq_Value=75000000
CORTEX_M7.DisableExec-Cortex_Memory_Protection_Unit_Region0_Settings=MPU_INSTRUCTION_ACCESS_DISABLE
ProjectManager.HalAssertFull=false
PB0.Locked=true
RCC.DIVP2Freq_Value=75000000
ProjectManager.ProjectName=IQ_Ethernet_H7
RCC.APB3Freq_Value=120000000
LWIP0.BSP.i2creg=
RCC.MCO2PinFreq_Value=480000000
LWIP0.BSP.component=LAN8742
Mcu.Package=LQFP144
SPI2.Mode=SPI_MODE_SLAVE
RCC.PLL3FRACN=0
RCC.D1PPRE=RCC_APB3_DIV2
SPI3.Mode=SPI_MODE_SLAVE
PG11.Locked=true
ProjectManager.ToolChainLocation=
VP_SYS_VS_Systick.Signal=SYS_VS_Systick
RCC.DFSDMFreq_Value=120000000
RCC.DIVR1Freq_Value=480000000
PB14.GPIOParameters=GPIO_Label
SPI2.CLKPhase=SPI_PHASE_2EDGE
RCC.TraceFreq_Value=64000000
RCC.APB4Freq_Value=120000000
ETH.RxBuffAddress=0x30000100
RCC.CECFreq_Value=32000
RCC.SAI23Freq_Value=480000000
NVIC.BusFault_IRQn=true\:0\:0\:false\:false\:true\:false\:false
RCC.LPUART1Freq_Value=120000000
SPI3.IPParameters=VirtualType,Mode,Direction,CLKPhase,DataSize
SPI2.Direction=SPI_DIRECTION_1LINE
PC5.Signal=ETH_RXD1
PB13.Mode=RMII
PH0-OSC_IN\ (PH0).Mode=HSE-External-Oscillator
ProjectManager.CustomerFirmwarePackage=
RCC.Tim2OutputFreq_Value=240000000
PC4.Mode=RMII
VP_LWIP_VS_Enabled.Signal=LWIP_VS_Enabled
RCC.DFSDMACLkFreq_Value=480000000
LWIP.IP_ADDRESS=192.168.000.015
RCC.VCO3OutputFreq_Value=130000000
PA5.Mode=RX_Only_Simplex_Unidirect_Slave
RCC.PLLSourceVirtual=RCC_PLLSOURCE_HSE
ProjectManager.ProjectFileName=IQ_Ethernet_H7.ioc
CORTEX_M7.CPU_ICache=Enabled
PA7.Mode=RMII
LWIP0.BSP.i2caddr=0
Mcu.PinsNb=24
ProjectManager.NoMain=false
SPI1.IPParameters=VirtualType,Mode,Direction,CLKPhase,DataSize
SPI4.DataSize=SPI_DATASIZE_8BIT
RCC.SWPMI1Freq_Value=120000000
RCC.SAI4BFreq_Value=480000000
PC4.Signal=ETH_RXD0
PC10.Mode=RX_Only_Simplex_Unidirect_Slave
PD7.Signal=SPI1_MOSI
RCC.D2PPRE2=RCC_APB2_DIV2
RCC.D2PPRE1=RCC_APB1_DIV2
ProjectManager.DefaultFWLocation=true
SPI1.CLKPhase=SPI_PHASE_2EDGE
LWIP.LWIP_DHCP=0
ProjectManager.DeletePrevious=true
PB14.Locked=true
RCC.QSPIFreq_Value=240000000
RCC.FamilyName=M
PH1-OSC_OUT\ (PH1).Signal=RCC_OSC_OUT
LWIP.GATEWAY_ADDRESS=192.168.000.001
VP_LWIP_VS_Enabled.Mode=Enabled
ETH.IPParameters=MediaInterface,RxDescAddress,TxDescAddress,RxBuffAddress
RCC.SPI6Freq_Value=120000000
RCC.D1CPREFreq_Value=480000000
CORTEX_M7.MPU_Control=MPU_PRIVILEGED_DEFAULT
RCC.USART234578Freq_Value=120000000
RCC.SPI45Freq_Value=120000000
RCC.Tim1OutputFreq_Value=240000000
RCC.SPI123Freq_Value=75000000
ProjectManager.TargetToolchain=STM32CubeIDE
RCC.VCO1OutputFreq_Value=960000000
RCC.DIVN3=130
RCC.AXIClockFreq_Value=240000000
RCC.DIVN2=12
RCC.DIVN1=192
PC2_C.Mode=Simplex_Bidirectional_Slave
SPI2.IPParameters=VirtualType,Mode,Direction,CLKPhase,DataSize
CORTEX_M7.BaseAddress-Cortex_Memory_Protection_Unit_Region0_Settings=0x30000000
LWIP0.BSP.instance=LAN8742
ProjectManager.RegisterCallBack=
RCC.USBFreq_Value=480000000
LWIP0.BSP.api=BSP_COMPONENT_DRIVER
PA1.Signal=ETH_REF_CLK
RCC.CKPERFreq_Value=64000000
LWIP0.BSP.ip=
LWIP0.BSP.semaphore=
PB10.Signal=SPI2_SCK
PB14.Signal=GPIO_Output
PA5.Signal=SPI1_SCK
board=custom
SPI3.CLKPhase=SPI_PHASE_2EDGE
PE1.GPIO_Label=LD2
ProjectManager.LastFirmware=true
RCC.VCOInput1Freq_Value=5000000
RCC.AHB12Freq_Value=240000000
RCC.APB2Freq_Value=120000000
PA1.Mode=RMII
PE6.Mode=RX_Only_Simplex_Unidirect_Slave
MxCube.Version=6.2.1
SPI1.Mode=SPI_MODE_SLAVE
RCC.FDCANFreq_Value=480000000
RCC.RNGFreq_Value=48000000
CORTEX_M7.IsShareable-Cortex_Memory_Protection_Unit_Region0_Settings=MPU_ACCESS_SHAREABLE
RCC.ADCFreq_Value=75000000
VP_SYS_VS_Systick.Mode=SysTick
CORTEX_M7.AccessPermission-Cortex_Memory_Protection_Unit_Region0_Settings=MPU_REGION_FULL_ACCESS
NVIC.NonMaskableInt_IRQn=true\:0\:0\:false\:false\:true\:false\:false
PE6.Signal=SPI4_MOSI
ProjectManager.FreePins=false
RCC.IPParameters=ADCFreq_Value,AHB12Freq_Value,AHB4Freq_Value,APB1Freq_Value,APB2Freq_Value,APB3Freq_Value,APB4Freq_Value,AXIClockFreq_Value,CECFreq_Value,CKPERFreq_Value,CortexFreq_Value,CpuClockFreq_Value,D1CPREFreq_Value,D1PPRE,D2PPRE1,D2PPRE2,D3PPRE,DFSDMACLkFreq_Value,DFSDMFreq_Value,DIVM1,DIVM2,DIVM3,DIVN1,DIVN2,DIVN3,DIVP1Freq_Value,DIVP2Freq_Value,DIVP3Freq_Value,DIVQ1Freq_Value,DIVQ2Freq_Value,DIVQ3Freq_Value,DIVR1Freq_Value,DIVR2Freq_Value,DIVR3Freq_Value,FDCANFreq_Value,FMCFreq_Value,FamilyName,HCLK3ClockFreq_Value,HCLKFreq_Value,HPRE,HRTIMFreq_Value,I2C123Freq_Value,I2C4Freq_Value,LPTIM1Freq_Value,LPTIM2Freq_Value,LPTIM345Freq_Value,LPUART1Freq_Value,LTDCFreq_Value,MCO1PinFreq_Value,MCO2PinFreq_Value,PLL1_VCI_Range-AdvancedSettings,PLL2FRACN,PLL2_VCI_Range-AdvancedSettings,PLL2_VCO_SEL-AdvancedSettings,PLL3FRACN,PLL3_VCO_SEL-AdvancedSettings,PLLFRACN,PLLSourceVirtual,QSPIFreq_Value,RNGFreq_Value,RTCFreq_Value,SAI1Freq_Value,SAI23Freq_Value,SAI4AFreq_Value,SAI4BFreq_Value,SDMMCFreq_Value,SPDIFRXFreq_Value,SPI123CLockSelection,SPI123Freq_Value,SPI45Freq_Value,SPI6Freq_Value,SWPMI1Freq_Value,SYSCLKFreq_VALUE,SYSCLKSource,Tim1OutputFreq_Value,Tim2OutputFreq_Value,TraceFreq_Value,USART16Freq_Value,USART234578Freq_Value,USBFreq_Value,VCO1OutputFreq_Value,VCO2OutputFreq_Value,VCO3OutputFreq_Value,VCOInput1Freq_Value,VCOInput2Freq_Value,VCOInput3Freq_Value
ProjectManager.AskForMigrate=true
Mcu.Name=STM32H743ZITx
RCC.LPTIM2Freq_Value=120000000
CORTEX_M7.Size-Cortex_Memory_Protection_Unit_Region0_Settings=MPU_REGION_SIZE_32KB
PA2.Signal=ETH_MDIO
ProjectManager.UnderRoot=true
CORTEX_M7.IPParameters=CPU_ICache,CPU_DCache,MPU_Control,Enable-Cortex_Memory_Protection_Unit_Region0_Settings,BaseAddress-Cortex_Memory_Protection_Unit_Region0_Settings,Size-Cortex_Memory_Protection_Unit_Region0_Settings,TypeExtField-Cortex_Memory_Protection_Unit_Region0_Settings,AccessPermission-Cortex_Memory_Protection_Unit_Region0_Settings,DisableExec-Cortex_Memory_Protection_Unit_Region0_Settings,IsShareable-Cortex_Memory_Protection_Unit_Region0_Settings
Mcu.IP8=SPI4
Mcu.IP9=SYS
Mcu.IP6=SPI2
Mcu.IP7=SPI3
ProjectManager.CoupleFile=false
RCC.PLL3_VCO_SEL-AdvancedSettings=RCC_PLL3VCOMEDIUM
RCC.SYSCLKFreq_VALUE=480000000
Mcu.Pin22=VP_LWIP_VS_Enabled
ETH.MediaInterface=HAL_ETH_RMII_MODE
RCC.I2C123Freq_Value=120000000
Mcu.Pin23=VP_SYS_VS_Systick
Mcu.Pin20=PG13
Mcu.Pin21=PE1
NVIC.ForceEnableDMAVector=true
KeepUserPlacement=false
LWIP.BSP.number=1
NVIC.MemoryManagement_IRQn=true\:0\:0\:false\:false\:true\:false\:false
PB2.Mode=RX_Only_Simplex_Unidirect_Slave
ProjectManager.CompilerOptimize=6
PG11.Mode=RMII
ProjectManager.HeapSize=0x200
Mcu.Pin15=PB13
NVIC.HardFault_IRQn=true\:0\:0\:false\:false\:true\:false\:false
LWIP.Version=v2.1.2_Cube
Mcu.Pin16=PB14
Mcu.Pin13=PB2
Mcu.Pin14=PB10
Mcu.Pin19=PG11
RCC.LPTIM345Freq_Value=120000000
ProjectManager.ComputerToolchain=false
Mcu.Pin17=PC10
Mcu.Pin18=PD7
SPI4.CLKPhase=SPI_PHASE_2EDGE
RCC.LTDCFreq_Value=65000000
RCC.SAI4AFreq_Value=480000000
NVIC.PriorityGroup=NVIC_PRIORITYGROUP_4
Mcu.Pin11=PC5
Mcu.Pin12=PB0
Mcu.Pin10=PC4
RCC.DIVQ1Freq_Value=480000000
PA2.Mode=RMII
RCC.D3PPRE=RCC_APB4_DIV2
SPI2.DataSize=SPI_DATASIZE_8BIT
ETH.RxDescAddress=0x30000000
CORTEX_M7.CPU_DCache=Enabled
LWIP0.BSP.name=Driver_PHY
RCC.HCLK3ClockFreq_Value=240000000
RCC.VCOInput2Freq_Value=12500000
RCC.APB1Freq_Value=120000000
PB0.Signal=GPIO_Output
ProjectManager.DeviceId=STM32H743ZITx
PC1.Signal=ETH_MDC
ProjectManager.LibraryCopy=1
PE1.GPIOParameters=GPIO_Label
PC1.Mode=RMII
PA7.Signal=ETH_CRS_DV
ETH.TxDescAddress=0x30000080
isbadioc=false
